
Microsoft Visual Studio Solution File, Format Version 12.00
# Visual Studio Version 16
VisualStudioVersion = 16.0.32802.440
MinimumVisualStudioVersion = 10.0.40219.1
Project("{8BC9CEB8-8B4A-11D0-8D11-00A0C91BC942}") = "CoupledWaterAnimation", "CoupledWaterAnimation\CoupledWaterAnim.vcxproj", "{44B89F38-C89E-4C69-A726-150CA87473AE}"
EndProject
Project("{8BC9CEB8-8B4A-11D0-8D11-00A0C91BC942}") = "UniformGrid2D", "UniformGrid2D\UniformGrid2D.vcxproj", "{A6B2B6A4-1DAC-47D1-96BD-00FE48D31FF4}"
EndProject
Project("{8BC9CEB8-8B4A-11D0-8D11-00A0C91BC942}") = "Wave2D", "Wave2D\Wave2D.vcxproj", "{47370FD3-E64A-4A9B-84DF-EAAA21B52CBF}"
EndProject
Project("{8BC9CEB8-8B4A-11D0-8D11-00A0C91BC942}") = "Wave2DSimp", "Wave2DSimp\Wave2DSimp.vcxproj", "{5A7C8F09-B670-4B1A-BBFE-668905692470}"
EndProject
Project("{8BC9CEB8-8B4A-11D0-8D11-00A0C91BC942}") = "SphWave2D", "SphWave2D\SphWave2D.vcxproj", "{41051F5E-AE83-4164-BB6F-B7899ED5903F}"
EndProject
Global
	GlobalSection(SolutionConfigurationPlatforms) = preSolution
		Debug|x64 = Debug|x64
		Debug|x86 = Debug|x86
		Release|x64 = Release|x64
		Release|x86 = Release|x86
	EndGlobalSection
	GlobalSection(ProjectConfigurationPlatforms) = postSolution
		{44B89F38-C89E-4C69-A726-150CA87473AE}.Debug|x64.ActiveCfg = Debug|x64
		{44B89F38-C89E-4C69-A726-150CA87473AE}.Debug|x64.Build.0 = Debug|x64
		{44B89F38-C89E-4C69-A726-150CA87473AE}.Debug|x86.ActiveCfg = Debug|Win32
		{44B89F38-C89E-4C69-A726-150CA87473AE}.Debug|x86.Build.0 = Debug|Win32
		{44B89F38-C89E-4C69-A726-150CA87473AE}.Release|x64.ActiveCfg = Release|x64
		{44B89F38-C89E-4C69-A726-150CA87473AE}.Release|x64.Build.0 = Release|x64
		{44B89F38-C89E-4C69-A726-150CA87473AE}.Release|x86.ActiveCfg = Release|Win32
		{44B89F38-C89E-4C69-A726-150CA87473AE}.Release|x86.Build.0 = Release|Win32
		{A6B2B6A4-1DAC-47D1-96BD-00FE48D31FF4}.Debug|x64.ActiveCfg = Debug|x64
		{A6B2B6A4-1DAC-47D1-96BD-00FE48D31FF4}.Debug|x64.Build.0 = Debug|x64
		{A6B2B6A4-1DAC-47D1-96BD-00FE48D31FF4}.Debug|x86.ActiveCfg = Debug|Win32
		{A6B2B6A4-1DAC-47D1-96BD-00FE48D31FF4}.Debug|x86.Build.0 = Debug|Win32
		{A6B2B6A4-1DAC-47D1-96BD-00FE48D31FF4}.Release|x64.ActiveCfg = Release|x64
		{A6B2B6A4-1DAC-47D1-96BD-00FE48D31FF4}.Release|x64.Build.0 = Release|x64
		{A6B2B6A4-1DAC-47D1-96BD-00FE48D31FF4}.Release|x86.ActiveCfg = Release|Win32
		{A6B2B6A4-1DAC-47D1-96BD-00FE48D31FF4}.Release|x86.Build.0 = Release|Win32
		{47370FD3-E64A-4A9B-84DF-EAAA21B52CBF}.Debug|x64.ActiveCfg = Debug|x64
		{47370FD3-E64A-4A9B-84DF-EAAA21B52CBF}.Debug|x64.Build.0 = Debug|x64
		{47370FD3-E64A-4A9B-84DF-EAAA21B52CBF}.Debug|x86.ActiveCfg = Debug|Win32
		{47370FD3-E64A-4A9B-84DF-EAAA21B52CBF}.Debug|x86.Build.0 = Debug|Win32
		{47370FD3-E64A-4A9B-84DF-EAAA21B52CBF}.Release|x64.ActiveCfg = Release|x64
		{47370FD3-E64A-4A9B-84DF-EAAA21B52CBF}.Release|x64.Build.0 = Release|x64
		{47370FD3-E64A-4A9B-84DF-EAAA21B52CBF}.Release|x86.ActiveCfg = Release|Win32
		{47370FD3-E64A-4A9B-84DF-EAAA21B52CBF}.Release|x86.Build.0 = Release|Win32
		{5A7C8F09-B670-4B1A-BBFE-668905692470}.Debug|x64.ActiveCfg = Debug|Win32
		{5A7C8F09-B670-4B1A-BBFE-668905692470}.Debug|x86.ActiveCfg = Debug|Win32
		{5A7C8F09-B670-4B1A-BBFE-668905692470}.Debug|x86.Build.0 = Debug|Win32
		{5A7C8F09-B670-4B1A-BBFE-668905692470}.Release|x64.ActiveCfg = Release|Win32
		{5A7C8F09-B670-4B1A-BBFE-668905692470}.Release|x86.ActiveCfg = Release|Win32
		{5A7C8F09-B670-4B1A-BBFE-668905692470}.Release|x86.Build.0 = Release|Win32
		{41051F5E-AE83-4164-BB6F-B7899ED5903F}.Debug|x64.ActiveCfg = Debug|Win32
		{41051F5E-AE83-4164-BB6F-B7899ED5903F}.Debug|x86.ActiveCfg = Debug|Win32
		{41051F5E-AE83-4164-BB6F-B7899ED5903F}.Debug|x86.Build.0 = Debug|Win32
		{41051F5E-AE83-4164-BB6F-B7899ED5903F}.Release|x64.ActiveCfg = Release|Win32
		{41051F5E-AE83-4164-BB6F-B7899ED5903F}.Release|x86.ActiveCfg = Release|Win32
		{41051F5E-AE83-4164-BB6F-B7899ED5903F}.Release|x86.Build.0 = Release|Win32
	EndGlobalSection
	GlobalSection(SolutionProperties) = preSolution
		HideSolutionNode = FALSE
	EndGlobalSection
	GlobalSection(ExtensibilityGlobals) = postSolution
		SolutionGuid = {9DBF8078-F3F8-4A86-B4E7-6B5E446F2B7E}
	EndGlobalSection
EndGlobal
