<?xml version="1.0" encoding="utf-8"?>
<Project ToolsVersion="4.0" xmlns="http://schemas.microsoft.com/developer/msbuild/2003">
  <ItemGroup>
    <ClCompile Include="AttriblessRendering.cpp" />
    <ClCompile Include="Buffer.cpp" />
    <ClCompile Include="ImagePicker.cpp" />
    <ClCompile Include="Shader.cpp" />
    <ClCompile Include="StencilImage2D.cpp" />
    <ClCompile Include="ComputeShader.cpp" />
    <ClCompile Include="DebugCallback.cpp" />
    <ClCompile Include="ImageTexture.cpp" />
    <ClCompile Include="InitShader.cpp" />
    <ClCompile Include="Main.cpp" />
    <ClCompile Include="LoadMesh.cpp" />
    <ClCompile Include="LoadTexture.cpp" />
    <ClCompile Include="Module.cpp" />
    <ClCompile Include="StencilImage2DTripleBuffered.cpp" />
    <ClCompile Include="imgui\imgui.cpp">
      <Filter>imgui</Filter>
    </ClCompile>
    <ClCompile Include="imgui\imgui_demo.cpp">
      <Filter>imgui</Filter>
    </ClCompile>
    <ClCompile Include="imgui\imgui_draw.cpp">
      <Filter>imgui</Filter>
    </ClCompile>
    <ClCompile Include="imgui\imgui_widgets.cpp">
      <Filter>imgui</Filter>
    </ClCompile>
    <ClCompile Include="imgui\examples\imgui_impl_glfw.cpp">
      <Filter>imgui</Filter>
    </ClCompile>
    <ClCompile Include="imgui\examples\imgui_impl_opengl3.cpp">
      <Filter>imgui</Filter>
    </ClCompile>
    <ClCompile Include="StencilBuffer.cpp" />
    <ClCompile Include="BlitFbo.cpp" />
    <ClCompile Include="UniformGui.cpp" />
    <ClCompile Include="ParallelScan.cpp" />
    <ClCompile Include="Aabb.cpp" />
    <ClCompile Include="UniformGridGpu2D.cpp" />
    <ClCompile Include="Timer.cpp" />
  </ItemGroup>
  <ItemGroup>
    <ClInclude Include="AttriblessRendering.h" />
    <ClInclude Include="Buffer.h" />
    <ClInclude Include="ImagePicker.h" />
    <ClInclude Include="Shader.h" />
    <ClInclude Include="StencilImage2DTripleBuffered.h" />
    <ClInclude Include="StencilImage2D.h" />
    <ClInclude Include="ComputeShader.h" />
    <ClInclude Include="DebugCallback.h" />
    <ClInclude Include="Main.h" />
    <ClInclude Include="ImageTexture.h" />
    <ClInclude Include="InitShader.h" />
    <ClInclude Include="LoadMesh.h" />
    <ClInclude Include="LoadTexture.h" />
    <ClInclude Include="Module.h" />
    <ClInclude Include="imgui\imconfig.h">
      <Filter>imgui</Filter>
    </ClInclude>
    <ClInclude Include="imgui\imgui.h">
      <Filter>imgui</Filter>
    </ClInclude>
    <ClInclude Include="imgui\imgui_internal.h">
      <Filter>imgui</Filter>
    </ClInclude>
    <ClInclude Include="imgui\examples\imgui_impl_glfw.h">
      <Filter>imgui</Filter>
    </ClInclude>
    <ClInclude Include="imgui\examples\imgui_impl_opengl3.h">
      <Filter>imgui</Filter>
    </ClInclude>
    <ClInclude Include="StencilBuffer.h" />
    <ClInclude Include="BlitFbo.h" />
    <ClInclude Include="UniformGui.h" />
    <ClInclude Include="ParallelScan.h" />
    <ClInclude Include="Aabb.h" />
    <ClInclude Include="UniformGridGpu2D.h" />
    <ClInclude Include="Timer.h" />
  </ItemGroup>
  <ItemGroup>
    <Filter Include="shaders">
      <UniqueIdentifier>{fb4234fb-66a2-4c72-804c-5b832c1bd3a8}</UniqueIdentifier>
    </Filter>
    <Filter Include="imgui">
      <UniqueIdentifier>{be80a54d-6fe6-412d-a6fd-8e7c1396de52}</UniqueIdentifier>
    </Filter>
  </ItemGroup>
  <ItemGroup>
    <None Include="Sph2D_cs.glsl">
      <Filter>shaders</Filter>
    </None>
    <None Include="Sph2D_fs.glsl">
      <Filter>shaders</Filter>
    </None>
    <None Include="Sph2D_vs.glsl">
      <Filter>shaders</Filter>
    </None>
    <None Include="SphCerrno2D_cs.glsl">
      <Filter>shaders</Filter>
    </None>
    <None Include="SphMuller2D_cs.glsl">
      <Filter>shaders</Filter>
    </None>
    <None Include="SphKoschier2D_cs.glsl">
      <Filter>shaders</Filter>
    </None>
    <None Include="Blob2D_fs.glsl">
      <Filter>shaders</Filter>
    </None>
    <None Include="Blob2D_vs.glsl">
      <Filter>shaders</Filter>
    </None>
    <None Include="uniform_grid_sph_cs.glsl">
      <Filter>shaders</Filter>
    </None>
    <None Include="SphKoschier2D_grid_cs.glsl">
      <Filter>shaders</Filter>
    </None>
    <None Include="SphKoschier2D_2_cs.glsl">
      <Filter>shaders</Filter>
    </None>
    <None Include="Wave1D_fs.glsl">
      <Filter>shaders</Filter>
    </None>
    <None Include="Wave1D_vs.glsl">
      <Filter>shaders</Filter>
    </None>
    <None Include="SphWaveKoschier2D_grid_cs.glsl">
      <Filter>shaders</Filter>
    </None>
    <None Include="Wave1D_cs.glsl">
      <Filter>shaders</Filter>
    </None>
    <None Include="Shallow1D_cs.glsl">
      <Filter>shaders</Filter>
    </None>
  </ItemGroup>
</Project>